{
  "lockfileVersion": 1,
  "configVersion": 1,
  "workspaces": {
    "": {
      "name": "figma-use-react",
      "devDependencies": {
        "@types/react": "^19.0.0",
        "react": "^19.0.0",
        "typescript": "^5.7.0",
      },
      "peerDependencies": {
        "react": ">=17.0.0",
      },
    },
  },
  "packages": {
    "@types/react": ["@types/react@19.2.9", "", { "dependencies": { "csstype": "^3.2.2" } }, "sha512-Lpo8kgb/igvMIPeNV2rsYKTgaORYdO1XGVZ4Qz3akwOj0ySGYMPlQWa8BaLn0G63D1aSaAQ5ldR06wCpChQCjA=="],

    "csstype": ["csstype@3.2.3", "", {}, "sha512-z1HGKcYy2xA8AGQfwrn0PAy+PB7X/GSj3UVJW9qKyn43xWa+gl5nXmU4qqLMRzWVLFC8KusUX8T/0kCiOYpAIQ=="],

    "react": ["react@19.2.3", "", {}, "sha512-Ku/hhYbVjOQnXDZFv2+RibmLFGwFdeeKHFcOTlrt7xplBnya5OGn/hIRDsqDiSUcfORsDC7MPxwork8jBwsIWA=="],

    "typescript": ["typescript@5.9.3", "", { "bin": { "tsc": "bin/tsc", "tsserver": "bin/tsserver" } }, "sha512-jl1vZzPDinLr9eUt3J/t7V6FgNEw9QjvBPdysz9KfQDD41fQrC2Y4vKQdiaUpFT4bXlb1RHhLpp8wtm6M5TgSw=="],
  }
}
